{
  "version": 4,
  "terraform_version": "0.12.3",
  "serial": 55,
  "lineage": "e611b79f-ade4-2b62-8cb5-7e2afd048653",
  "outputs": {},
  "resources": [
    {
      "mode": "managed",
      "type": "docker_container",
      "name": "blog_container",
      "provider": "provider.docker",
      "instances": [
        {
          "schema_version": 1,
          "attributes": {
            "attach": false,
            "bridge": "",
            "capabilities": [],
            "command": null,
            "container_logs": null,
            "cpu_set": null,
            "cpu_shares": null,
            "destroy_grace_seconds": null,
            "devices": [],
            "dns": null,
            "dns_opts": null,
            "dns_search": null,
            "domainname": null,
            "entrypoint": null,
            "env": [
              "database__client=mysql",
              "database__connection__database=ghost",
              "database__connection__host=db",
              "database__connection__password=P4sSw0rd0!",
              "database__connection__user=root"
            ],
            "exit_code": null,
            "gateway": "172.22.0.1",
            "healthcheck": [],
            "host": [],
            "hostname": null,
            "id": "aa3ad5265cfe04f88bd9b599f07dabbf1ccbe3c1de1103551fa6e7e4de290dd2",
            "image": "ghost:alpine",
            "ip_address": "172.22.0.3",
            "ip_prefix_length": 16,
            "labels": null,
            "links": null,
            "log_driver": "json-file",
            "log_opts": null,
            "logs": false,
            "max_retry_count": null,
            "memory": null,
            "memory_swap": null,
            "mounts": [],
            "must_run": true,
            "name": "ghost_blog",
            "network_alias": null,
            "network_data": [
              {
                "gateway": "172.21.0.1",
                "ip_address": "172.21.0.2",
                "ip_prefix_length": 16,
                "network_name": "public_ghost_network"
              },
              {
                "gateway": "172.22.0.1",
                "ip_address": "172.22.0.3",
                "ip_prefix_length": 16,
                "network_name": "ghost_mysql_internal"
              }
            ],
            "network_mode": null,
            "networks": null,
            "networks_advanced": [
              {
                "aliases": [
                  "ghost"
                ],
                "ipv4_address": "",
                "ipv6_address": "",
                "name": "ghost_mysql_internal"
              },
              {
                "aliases": [
                  "ghost"
                ],
                "ipv4_address": "",
                "ipv6_address": "",
                "name": "public_ghost_network"
              }
            ],
            "pid_mode": null,
            "ports": [
              {
                "external": 8082,
                "internal": 2368,
                "ip": "0.0.0.0",
                "protocol": "tcp"
              }
            ],
            "privileged": null,
            "publish_all_ports": null,
            "restart": "no",
            "rm": false,
            "start": true,
            "tmpfs": null,
            "ulimit": [],
            "upload": [],
            "user": null,
            "userns_mode": null,
            "volumes": []
          },
          "private": "eyJzY2hlbWFfdmVyc2lvbiI6IjEifQ==",
          "depends_on": [
            "docker_container.mysql_container",
            "docker_image.ghost_image",
            "docker_network.private_bridge_network",
            "docker_network.public_bridge_network",
            "null_resource.sleep"
          ]
        }
      ]
    },
    {
      "mode": "managed",
      "type": "docker_container",
      "name": "mysql_container",
      "provider": "provider.docker",
      "instances": [
        {
          "schema_version": 1,
          "attributes": {
            "attach": false,
            "bridge": "",
            "capabilities": [],
            "command": null,
            "container_logs": null,
            "cpu_set": null,
            "cpu_shares": null,
            "destroy_grace_seconds": null,
            "devices": [],
            "dns": null,
            "dns_opts": null,
            "dns_search": null,
            "domainname": null,
            "entrypoint": null,
            "env": [
              "MYSQL_ROOT_PASSWORD=P4sSw0rd0!"
            ],
            "exit_code": null,
            "gateway": "172.22.0.1",
            "healthcheck": [],
            "host": [],
            "hostname": null,
            "id": "3246adae55fe20c92c26c2320aee29d0d00f2f50987b64b4364f8b4fd0ba30b8",
            "image": "mysql:5.7",
            "ip_address": "172.22.0.2",
            "ip_prefix_length": 16,
            "labels": null,
            "links": null,
            "log_driver": "json-file",
            "log_opts": null,
            "logs": false,
            "max_retry_count": null,
            "memory": null,
            "memory_swap": null,
            "mounts": [],
            "must_run": true,
            "name": "ghost_database",
            "network_alias": null,
            "network_data": [
              {
                "gateway": "172.22.0.1",
                "ip_address": "172.22.0.2",
                "ip_prefix_length": 16,
                "network_name": "ghost_mysql_internal"
              }
            ],
            "network_mode": null,
            "networks": null,
            "networks_advanced": [
              {
                "aliases": [
                  "db"
                ],
                "ipv4_address": "",
                "ipv6_address": "",
                "name": "ghost_mysql_internal"
              }
            ],
            "pid_mode": null,
            "ports": [],
            "privileged": null,
            "publish_all_ports": null,
            "restart": "no",
            "rm": false,
            "start": true,
            "tmpfs": null,
            "ulimit": [],
            "upload": [],
            "user": null,
            "userns_mode": null,
            "volumes": [
              {
                "container_path": "/var/lib/mysql",
                "from_container": "",
                "host_path": "",
                "read_only": null,
                "volume_name": "mysql_data"
              }
            ]
          },
          "private": "eyJzY2hlbWFfdmVyc2lvbiI6IjEifQ==",
          "depends_on": [
            "docker_image.mysql_image",
            "docker_network.private_bridge_network",
            "docker_volume.mysql_data_volume"
          ]
        }
      ]
    },
    {
      "mode": "managed",
      "type": "docker_image",
      "name": "ghost_image",
      "provider": "provider.docker",
      "instances": [
        {
          "schema_version": 0,
          "attributes": {
            "id": "sha256:4f41aa28b179b8bb16af3cb365afd041f8c77dbca0600e6538912b021dbb4c93ghost:alpine",
            "keep_locally": null,
            "latest": "sha256:4f41aa28b179b8bb16af3cb365afd041f8c77dbca0600e6538912b021dbb4c93",
            "name": "ghost:alpine",
            "pull_trigger": null,
            "pull_triggers": null
          },
          "private": "bnVsbA=="
        }
      ]
    },
    {
      "mode": "managed",
      "type": "docker_image",
      "name": "mysql_image",
      "provider": "provider.docker",
      "instances": [
        {
          "schema_version": 0,
          "attributes": {
            "id": "sha256:e9c354083de75cbcde66071c228fca267d0e946fb41a5399f58265e5a858fcb4mysql:5.7",
            "keep_locally": null,
            "latest": "sha256:e9c354083de75cbcde66071c228fca267d0e946fb41a5399f58265e5a858fcb4",
            "name": "mysql:5.7",
            "pull_trigger": null,
            "pull_triggers": null
          },
          "private": "bnVsbA=="
        }
      ]
    },
    {
      "mode": "managed",
      "type": "docker_network",
      "name": "private_bridge_network",
      "provider": "provider.docker",
      "instances": [
        {
          "schema_version": 0,
          "attributes": {
            "attachable": false,
            "check_duplicate": null,
            "driver": "bridge",
            "id": "69679557cbd74fdf7a2ee3b32db2b343fc344708707514b20639f3ec264038fa",
            "ingress": false,
            "internal": true,
            "ipam_config": [],
            "ipam_driver": null,
            "ipv6": false,
            "labels": null,
            "name": "ghost_mysql_internal",
            "options": {},
            "scope": "local"
          },
          "private": "bnVsbA=="
        }
      ]
    },
    {
      "mode": "managed",
      "type": "docker_network",
      "name": "public_bridge_network",
      "provider": "provider.docker",
      "instances": [
        {
          "schema_version": 0,
          "attributes": {
            "attachable": false,
            "check_duplicate": null,
            "driver": "bridge",
            "id": "bf3f1f35e2621514ad22a059d2b01f70753acba91c712d64d3eea670a49979aa",
            "ingress": false,
            "internal": false,
            "ipam_config": [],
            "ipam_driver": null,
            "ipv6": false,
            "labels": null,
            "name": "public_ghost_network",
            "options": {},
            "scope": "local"
          },
          "private": "bnVsbA=="
        }
      ]
    },
    {
      "mode": "managed",
      "type": "docker_volume",
      "name": "mysql_data_volume",
      "provider": "provider.docker",
      "instances": [
        {
          "schema_version": 0,
          "attributes": {
            "driver": "local",
            "driver_opts": null,
            "id": "mysql_data",
            "labels": null,
            "mountpoint": "/var/lib/docker/volumes/mysql_data/_data",
            "name": "mysql_data"
          },
          "private": "bnVsbA=="
        }
      ]
    },
    {
      "mode": "managed",
      "type": "null_resource",
      "name": "sleep",
      "provider": "provider.null",
      "instances": [
        {
          "schema_version": 0,
          "attributes": {
            "id": "3083155727886183094",
            "triggers": null
          },
          "private": "bnVsbA==",
          "depends_on": [
            "docker_container.mysql_container"
          ]
        }
      ]
    }
  ]
}
