{
  "version": 4,
  "terraform_version": "0.12.3",
  "serial": 2,
  "lineage": "2b4a5ff7-f29f-7301-1e8a-34abc9a29d71",
  "outputs": {
    "image_out": {
      "value": "sha256:5da28c6994380b4f1c4e8aa0180bee3a5dd19499e5d04888cfe6a4cfc500de08",
      "type": "string"
    }
  },
  "resources": [
    {
      "mode": "managed",
      "type": "docker_image",
      "name": "image_id",
      "provider": "provider.docker",
      "instances": [
        {
          "schema_version": 0,
          "attributes": {
            "id": "sha256:5da28c6994380b4f1c4e8aa0180bee3a5dd19499e5d04888cfe6a4cfc500de08ghost:alpine",
            "keep_locally": null,
            "latest": "sha256:5da28c6994380b4f1c4e8aa0180bee3a5dd19499e5d04888cfe6a4cfc500de08",
            "name": "ghost:alpine",
            "pull_trigger": null,
            "pull_triggers": null
          },
          "private": "bnVsbA=="
        }
      ]
    }
  ]
}
