{
  "version": 4,
  "terraform_version": "0.12.3",
  "serial": 81,
  "lineage": "b5ea0538-8e49-0417-6ed6-9ec3f19e402c",
  "outputs": {
    "container_name": {
      "value": "blog_dev",
      "type": "string"
    },
    "ip_address": {
      "value": "172.17.0.2",
      "type": "string"
    }
  },
  "resources": [
    {
      "mode": "managed",
      "type": "docker_container",
      "name": "container_id",
      "provider": "provider.docker",
      "instances": [
        {
          "schema_version": 1,
          "attributes": {
            "attach": false,
            "bridge": "",
            "capabilities": [],
            "command": null,
            "container_logs": null,
            "cpu_set": null,
            "cpu_shares": null,
            "destroy_grace_seconds": null,
            "devices": [],
            "dns": null,
            "dns_opts": null,
            "dns_search": null,
            "domainname": null,
            "entrypoint": null,
            "env": null,
            "exit_code": null,
            "gateway": "172.17.0.1",
            "healthcheck": [],
            "host": [],
            "hostname": null,
            "id": "425067de9c01bc0e6c62b0895b80a262412fcfbbd24c00cc0ee8dc322bd7fb4f",
            "image": "sha256:f3b796dbbc456ea9d1dfe7391f9265cf3c529ae6eb6b6c519db9f54e3e758d6a",
            "ip_address": "172.17.0.2",
            "ip_prefix_length": 16,
            "labels": null,
            "links": null,
            "log_driver": "json-file",
            "log_opts": null,
            "logs": false,
            "max_retry_count": null,
            "memory": null,
            "memory_swap": null,
            "mounts": [],
            "must_run": true,
            "name": "blog_dev",
            "network_alias": null,
            "network_data": [
              {
                "gateway": "172.17.0.1",
                "ip_address": "172.17.0.2",
                "ip_prefix_length": 16,
                "network_name": "bridge"
              }
            ],
            "network_mode": null,
            "networks": null,
            "networks_advanced": [],
            "pid_mode": null,
            "ports": [
              {
                "external": 8081,
                "internal": 2368,
                "ip": "0.0.0.0",
                "protocol": "tcp"
              }
            ],
            "privileged": null,
            "publish_all_ports": null,
            "restart": "no",
            "rm": false,
            "start": true,
            "tmpfs": null,
            "ulimit": [],
            "upload": [],
            "user": null,
            "userns_mode": null,
            "volumes": []
          },
          "private": "eyJzY2hlbWFfdmVyc2lvbiI6IjEifQ==",
          "depends_on": [
            "docker_image.image_id"
          ]
        }
      ]
    },
    {
      "mode": "managed",
      "type": "docker_image",
      "name": "image_id",
      "provider": "provider.docker",
      "instances": [
        {
          "schema_version": 0,
          "attributes": {
            "id": "sha256:f3b796dbbc456ea9d1dfe7391f9265cf3c529ae6eb6b6c519db9f54e3e758d6aghost:latest",
            "keep_locally": null,
            "latest": "sha256:f3b796dbbc456ea9d1dfe7391f9265cf3c529ae6eb6b6c519db9f54e3e758d6a",
            "name": "ghost:latest",
            "pull_trigger": null,
            "pull_triggers": null
          }
        }
      ]
    }
  ]
}
