{
  "version": 4,
  "terraform_version": "0.12.3",
  "serial": 38,
  "lineage": "e611b79f-ade4-2b62-8cb5-7e2afd048653",
  "outputs": {},
  "resources": [
    {
      "mode": "managed",
      "type": "docker_container",
      "name": "blog_container",
      "provider": "provider.docker",
      "instances": [
        {
          "schema_version": 1,
          "attributes": {
            "attach": false,
            "bridge": "",
            "capabilities": [],
            "command": null,
            "container_logs": null,
            "cpu_set": null,
            "cpu_shares": null,
            "destroy_grace_seconds": null,
            "devices": [],
            "dns": null,
            "dns_opts": null,
            "dns_search": null,
            "domainname": null,
            "entrypoint": null,
            "env": [
              "database__client=mysql",
              "database__connection__database=ghost",
              "database__connection__host=db",
              "database__connection__password=P4sSw0rd0!",
              "database__connection__user=root"
            ],
            "exit_code": null,
            "gateway": "172.19.0.1",
            "healthcheck": [],
            "host": [],
            "hostname": null,
            "id": "8d2ea5444e3b91bccdc324bed5fdaf979cf25683d3c91e4ecfa682cf81f6f65f",
            "image": "ghost:alpine",
            "ip_address": "172.19.0.2",
            "ip_prefix_length": 16,
            "labels": null,
            "links": null,
            "log_driver": "json-file",
            "log_opts": null,
            "logs": false,
            "max_retry_count": null,
            "memory": null,
            "memory_swap": null,
            "mounts": [],
            "must_run": true,
            "name": "ghost_blog",
            "network_alias": null,
            "network_data": [
              {
                "gateway": "172.20.0.1",
                "ip_address": "172.20.0.3",
                "ip_prefix_length": 16,
                "network_name": "ghost_mysql_internal"
              },
              {
                "gateway": "172.19.0.1",
                "ip_address": "172.19.0.2",
                "ip_prefix_length": 16,
                "network_name": "public_ghost_network"
              }
            ],
            "network_mode": null,
            "networks": null,
            "networks_advanced": [
              {
                "aliases": [
                  "ghost"
                ],
                "ipv4_address": "",
                "ipv6_address": "",
                "name": "ghost_mysql_internal"
              },
              {
                "aliases": [
                  "ghost"
                ],
                "ipv4_address": "",
                "ipv6_address": "",
                "name": "public_ghost_network"
              }
            ],
            "pid_mode": null,
            "ports": [
              {
                "external": 8080,
                "internal": 2368,
                "ip": "0.0.0.0",
                "protocol": "tcp"
              }
            ],
            "privileged": null,
            "publish_all_ports": null,
            "restart": "no",
            "rm": false,
            "start": true,
            "tmpfs": null,
            "ulimit": [],
            "upload": [],
            "user": null,
            "userns_mode": null,
            "volumes": []
          },
          "private": "eyJzY2hlbWFfdmVyc2lvbiI6IjEifQ==",
          "depends_on": [
            "docker_container.mysql_container",
            "docker_image.ghost_image",
            "docker_network.private_bridge_network",
            "docker_network.public_bridge_network",
            "null_resource.sleep"
          ]
        }
      ]
    },
    {
      "mode": "managed",
      "type": "docker_container",
      "name": "mysql_container",
      "provider": "provider.docker",
      "instances": [
        {
          "schema_version": 1,
          "attributes": {
            "attach": false,
            "bridge": "",
            "capabilities": [],
            "command": null,
            "container_logs": null,
            "cpu_set": null,
            "cpu_shares": null,
            "destroy_grace_seconds": null,
            "devices": [],
            "dns": null,
            "dns_opts": null,
            "dns_search": null,
            "domainname": null,
            "entrypoint": null,
            "env": [
              "MYSQL_ROOT_PASSWORD=P4sSw0rd0!"
            ],
            "exit_code": null,
            "gateway": "172.20.0.1",
            "healthcheck": [],
            "host": [],
            "hostname": null,
            "id": "8f1c97d00d39b4a4ffc01d09ab9712324e5f5a591c3d1b43e635f8e14ba15936",
            "image": "mysql:5.7",
            "ip_address": "172.20.0.2",
            "ip_prefix_length": 16,
            "labels": null,
            "links": null,
            "log_driver": "json-file",
            "log_opts": null,
            "logs": false,
            "max_retry_count": null,
            "memory": null,
            "memory_swap": null,
            "mounts": [],
            "must_run": true,
            "name": "ghost_database",
            "network_alias": null,
            "network_data": [
              {
                "gateway": "172.20.0.1",
                "ip_address": "172.20.0.2",
                "ip_prefix_length": 16,
                "network_name": "ghost_mysql_internal"
              }
            ],
            "network_mode": null,
            "networks": null,
            "networks_advanced": [
              {
                "aliases": [
                  "db"
                ],
                "ipv4_address": "",
                "ipv6_address": "",
                "name": "ghost_mysql_internal"
              }
            ],
            "pid_mode": null,
            "ports": [],
            "privileged": null,
            "publish_all_ports": null,
            "restart": "no",
            "rm": false,
            "start": true,
            "tmpfs": null,
            "ulimit": [],
            "upload": [],
            "user": null,
            "userns_mode": null,
            "volumes": []
          },
          "private": "eyJzY2hlbWFfdmVyc2lvbiI6IjEifQ==",
          "depends_on": [
            "docker_image.mysql_image",
            "docker_network.private_bridge_network"
          ]
        }
      ]
    },
    {
      "mode": "managed",
      "type": "docker_image",
      "name": "ghost_image",
      "provider": "provider.docker",
      "instances": [
        {
          "schema_version": 0,
          "attributes": {
            "id": "sha256:4f41aa28b179b8bb16af3cb365afd041f8c77dbca0600e6538912b021dbb4c93ghost:alpine",
            "keep_locally": null,
            "latest": "sha256:4f41aa28b179b8bb16af3cb365afd041f8c77dbca0600e6538912b021dbb4c93",
            "name": "ghost:alpine",
            "pull_trigger": null,
            "pull_triggers": null
          },
          "private": "bnVsbA=="
        }
      ]
    },
    {
      "mode": "managed",
      "type": "docker_image",
      "name": "mysql_image",
      "provider": "provider.docker",
      "instances": [
        {
          "schema_version": 0,
          "attributes": {
            "id": "sha256:e9c354083de75cbcde66071c228fca267d0e946fb41a5399f58265e5a858fcb4mysql:5.7",
            "keep_locally": null,
            "latest": "sha256:e9c354083de75cbcde66071c228fca267d0e946fb41a5399f58265e5a858fcb4",
            "name": "mysql:5.7",
            "pull_trigger": null,
            "pull_triggers": null
          },
          "private": "bnVsbA=="
        }
      ]
    },
    {
      "mode": "managed",
      "type": "docker_network",
      "name": "private_bridge_network",
      "provider": "provider.docker",
      "instances": [
        {
          "schema_version": 0,
          "attributes": {
            "attachable": false,
            "check_duplicate": null,
            "driver": "bridge",
            "id": "cc2f5cbbb7c452fcad887bce589d379a581cc29c27868b9f8eeeb2c673bcd0be",
            "ingress": false,
            "internal": true,
            "ipam_config": [],
            "ipam_driver": null,
            "ipv6": false,
            "labels": null,
            "name": "ghost_mysql_internal",
            "options": {},
            "scope": "local"
          },
          "private": "bnVsbA=="
        }
      ]
    },
    {
      "mode": "managed",
      "type": "docker_network",
      "name": "public_bridge_network",
      "provider": "provider.docker",
      "instances": [
        {
          "schema_version": 0,
          "attributes": {
            "attachable": false,
            "check_duplicate": null,
            "driver": "bridge",
            "id": "da368fdd30f9d8f3438877a1d20e25354184d3f5d9fbbb915ccb552209668964",
            "ingress": false,
            "internal": false,
            "ipam_config": [],
            "ipam_driver": null,
            "ipv6": false,
            "labels": null,
            "name": "public_ghost_network",
            "options": {},
            "scope": "local"
          },
          "private": "bnVsbA=="
        }
      ]
    },
    {
      "mode": "managed",
      "type": "null_resource",
      "name": "sleep",
      "provider": "provider.null",
      "instances": [
        {
          "schema_version": 0,
          "attributes": {
            "id": "4488984719143634196",
            "triggers": null
          },
          "private": "bnVsbA==",
          "depends_on": [
            "docker_container.mysql_container"
          ]
        }
      ]
    }
  ]
}
