{
  "version": 4,
  "terraform_version": "0.12.5",
  "serial": 5,
  "lineage": "4a10323c-523f-2e66-2f8a-60af7f6e9a72",
  "outputs": {},
  "resources": [
    {
      "mode": "managed",
      "type": "docker_service",
      "name": "foo",
      "provider": "provider.docker",
      "instances": [
        {
          "schema_version": 0,
          "attributes": {
            "auth": null,
            "converge_config": [],
            "endpoint_spec": [
              {
                "mode": "vip",
                "ports": [
                  {
                    "name": "",
                    "protocol": "tcp",
                    "publish_mode": "ingress",
                    "published_port": null,
                    "target_port": 8080
                  }
                ]
              }
            ],
            "id": "bw5ydwkrovs944vnwzt0f04e0",
            "labels": {},
            "mode": [
              {
                "global": false,
                "replicated": [
                  {
                    "replicas": 1
                  }
                ]
              }
            ],
            "name": "foo-service",
            "rollback_config": [],
            "task_spec": [
              {
                "container_spec": [
                  {
                    "args": null,
                    "command": null,
                    "configs": [],
                    "dir": "",
                    "dns_config": [
                      {
                        "nameservers": null,
                        "options": null,
                        "search": null
                      }
                    ],
                    "env": null,
                    "groups": null,
                    "healthcheck": [
                      {
                        "interval": "0s",
                        "retries": 0,
                        "start_period": "0s",
                        "test": [],
                        "timeout": "0s"
                      }
                    ],
                    "hostname": "",
                    "hosts": [],
                    "image": "ghost:latest@sha256:b32f48541007b1228e7597a6086245c8d02b521417e405ffa7ae815ae7f0ce96",
                    "isolation": "default",
                    "labels": null,
                    "mounts": [],
                    "privileges": [],
                    "read_only": false,
                    "secrets": [],
                    "stop_grace_period": "0s",
                    "stop_signal": "",
                    "user": ""
                  }
                ],
                "force_update": 0,
                "log_driver": [],
                "networks": null,
                "placement": [
                  {
                    "constraints": [],
                    "platforms": [
                      {
                        "architecture": "amd64",
                        "os": "linux"
                      }
                    ],
                    "prefs": []
                  }
                ],
                "resources": [
                  {
                    "limits": [],
                    "reservation": []
                  }
                ],
                "restart_policy": {
                  "condition": "any",
                  "max_attempts": "0"
                },
                "runtime": "container"
              }
            ],
            "update_config": []
          },
          "private": "bnVsbA=="
        }
      ]
    }
  ]
}
